// !$*UTF8*$!
{
	archiveVersion = 1;
	classes = {
	};
	objectVersion = 46;
	objects = {

/* Begin PBXBuildFile section */
		18F4C1EC1E4861A900C47E5D /* main.m in Sources */ = {isa = PBXBuildFile; fileRef = 18F4C1EB1E4861A900C47E5D /* main.m */; };
		18F4C1EF1E4861A900C47E5D /* AppDelegate.m in Sources */ = {isa = PBXBuildFile; fileRef = 18F4C1EE1E4861A900C47E5D /* AppDelegate.m */; };
		18F4C1F21E4861A900C47E5D /* ViewController.m in Sources */ = {isa = PBXBuildFile; fileRef = 18F4C1F11E4861A900C47E5D /* ViewController.m */; };
		18F4C1F51E4861A900C47E5D /* Main.storyboard in Resources */ = {isa = PBXBuildFile; fileRef = 18F4C1F31E4861A900C47E5D /* Main.storyboard */; };
		18F4C1F71E4861A900C47E5D /* Assets.xcassets in Resources */ = {isa = PBXBuildFile; fileRef = 18F4C1F61E4861A900C47E5D /* Assets.xcassets */; };
		18F4C1FA1E4861A900C47E5D /* LaunchScreen.storyboard in Resources */ = {isa = PBXBuildFile; fileRef = 18F4C1F81E4861A900C47E5D /* LaunchScreen.storyboard */; };
		18F4C2061E48629D00C47E5D /* YXScrollRefreshAssets.bundle in Resources */ = {isa = PBXBuildFile; fileRef = 18F4C2051E48629D00C47E5D /* YXScrollRefreshAssets.bundle */; };
		18F4C21B1E48693A00C47E5D /* libYXScrollRefresh.a in Frameworks */ = {isa = PBXBuildFile; fileRef = 18F4C21A1E48693A00C47E5D /* libYXScrollRefresh.a */; };
/* End PBXBuildFile section */

/* Begin PBXFileReference section */
		18F4C1E71E4861A900C47E5D /* YXScrollDemo.app */ = {isa = PBXFileReference; explicitFileType = wrapper.application; includeInIndex = 0; path = YXScrollDemo.app; sourceTree = BUILT_PRODUCTS_DIR; };
		18F4C1EB1E4861A900C47E5D /* main.m */ = {isa = PBXFileReference; lastKnownFileType = sourcecode.c.objc; path = main.m; sourceTree = "<group>"; };
		18F4C1ED1E4861A900C47E5D /* AppDelegate.h */ = {isa = PBXFileReference; lastKnownFileType = sourcecode.c.h; path = AppDelegate.h; sourceTree = "<group>"; };
		18F4C1EE1E4861A900C47E5D /* AppDelegate.m */ = {isa = PBXFileReference; lastKnownFileType = sourcecode.c.objc; path = AppDelegate.m; sourceTree = "<group>"; };
		18F4C1F01E4861A900C47E5D /* ViewController.h */ = {isa = PBXFileReference; lastKnownFileType = sourcecode.c.h; path = ViewController.h; sourceTree = "<group>"; };
		18F4C1F11E4861A900C47E5D /* ViewController.m */ = {isa = PBXFileReference; lastKnownFileType = sourcecode.c.objc; path = ViewController.m; sourceTree = "<group>"; };
		18F4C1F41E4861A900C47E5D /* Base */ = {isa = PBXFileReference; lastKnownFileType = file.storyboard; name = Base; path = Base.lproj/Main.storyboard; sourceTree = "<group>"; };
		18F4C1F61E4861A900C47E5D /* Assets.xcassets */ = {isa = PBXFileReference; lastKnownFileType = folder.assetcatalog; path = Assets.xcassets; sourceTree = "<group>"; };
		18F4C1F91E4861A900C47E5D /* Base */ = {isa = PBXFileReference; lastKnownFileType = file.storyboard; name = Base; path = Base.lproj/LaunchScreen.storyboard; sourceTree = "<group>"; };
		18F4C1FB1E4861A900C47E5D /* Info.plist */ = {isa = PBXFileReference; lastKnownFileType = text.plist.xml; path = Info.plist; sourceTree = "<group>"; };
		18F4C2031E48626000C47E5D /* YXScrollRefreshView.h */ = {isa = PBXFileReference; fileEncoding = 4; lastKnownFileType = sourcecode.c.h; path = YXScrollRefreshView.h; sourceTree = "<group>"; };
		18F4C2051E48629D00C47E5D /* YXScrollRefreshAssets.bundle */ = {isa = PBXFileReference; lastKnownFileType = "wrapper.plug-in"; path = YXScrollRefreshAssets.bundle; sourceTree = "<group>"; };
		18F4C21A1E48693A00C47E5D /* libYXScrollRefresh.a */ = {isa = PBXFileReference; lastKnownFileType = archive.ar; path = libYXScrollRefresh.a; sourceTree = "<group>"; };
/* End PBXFileReference section */

/* Begin PBXFrameworksBuildPhase section */
		18F4C1E41E4861A900C47E5D /* Frameworks */ = {
			isa = PBXFrameworksBuildPhase;
			buildActionMask = 2147483647;
			files = (
				18F4C21B1E48693A00C47E5D /* libYXScrollRefresh.a in Frameworks */,
			);
			runOnlyForDeploymentPostprocessing = 0;
		};
/* End PBXFrameworksBuildPhase section */

/* Begin PBXGroup section */
		18F4C1DE1E4861A900C47E5D = {
			isa = PBXGroup;
			children = (
				18F4C1E91E4861A900C47E5D /* YXScrollDemo */,
				18F4C1E81E4861A900C47E5D /* Products */,
			);
			sourceTree = "<group>";
		};
		18F4C1E81E4861A900C47E5D /* Products */ = {
			isa = PBXGroup;
			children = (
				18F4C1E71E4861A900C47E5D /* YXScrollDemo.app */,
			);
			name = Products;
			sourceTree = "<group>";
		};
		18F4C1E91E4861A900C47E5D /* YXScrollDemo */ = {
			isa = PBXGroup;
			children = (
				18F4C2011E48626000C47E5D /* libYXScrollRefresh */,
				18F4C1ED1E4861A900C47E5D /* AppDelegate.h */,
				18F4C1EE1E4861A900C47E5D /* AppDelegate.m */,
				18F4C1F01E4861A900C47E5D /* ViewController.h */,
				18F4C1F11E4861A900C47E5D /* ViewController.m */,
				18F4C1F31E4861A900C47E5D /* Main.storyboard */,
				18F4C1F61E4861A900C47E5D /* Assets.xcassets */,
				18F4C1F81E4861A900C47E5D /* LaunchScreen.storyboard */,
				18F4C1FB1E4861A900C47E5D /* Info.plist */,
				18F4C1EA1E4861A900C47E5D /* Supporting Files */,
			);
			path = YXScrollDemo;
			sourceTree = "<group>";
		};
		18F4C1EA1E4861A900C47E5D /* Supporting Files */ = {
			isa = PBXGroup;
			children = (
				18F4C1EB1E4861A900C47E5D /* main.m */,
			);
			name = "Supporting Files";
			sourceTree = "<group>";
		};
		18F4C2011E48626000C47E5D /* libYXScrollRefresh */ = {
			isa = PBXGroup;
			children = (
				18F4C21A1E48693A00C47E5D /* libYXScrollRefresh.a */,
				18F4C2051E48629D00C47E5D /* YXScrollRefreshAssets.bundle */,
				18F4C2031E48626000C47E5D /* YXScrollRefreshView.h */,
			);
			path = libYXScrollRefresh;
			sourceTree = "<group>";
		};
/* End PBXGroup section */

/* Begin PBXNativeTarget section */
		18F4C1E61E4861A900C47E5D /* YXScrollDemo */ = {
			isa = PBXNativeTarget;
			buildConfigurationList = 18F4C1FE1E4861A900C47E5D /* Build configuration list for PBXNativeTarget "YXScrollDemo" */;
			buildPhases = (
				18F4C1E31E4861A900C47E5D /* Sources */,
				18F4C1E41E4861A900C47E5D /* Frameworks */,
				18F4C1E51E4861A900C47E5D /* Resources */,
			);
			buildRules = (
			);
			dependencies = (
			);
			name = YXScrollDemo;
			productName = YXScrollDemo;
			productReference = 18F4C1E71E4861A900C47E5D /* YXScrollDemo.app */;
			productType = "com.apple.product-type.application";
		};
/* End PBXNativeTarget section */

/* Begin PBXProject section */
		18F4C1DF1E4861A900C47E5D /* Project object */ = {
			isa = PBXProject;
			attributes = {
				LastUpgradeCheck = 0800;
				ORGANIZATIONNAME = apple;
				TargetAttributes = {
					18F4C1E61E4861A900C47E5D = {
						CreatedOnToolsVersion = 8.0;
						DevelopmentTeam = 32R7N4YZK4;
						ProvisioningStyle = Automatic;
					};
				};
			};
			buildConfigurationList = 18F4C1E21E4861A900C47E5D /* Build configuration list for PBXProject "YXScrollDemo" */;
			compatibilityVersion = "Xcode 3.2";
			developmentRegion = English;
			hasScannedForEncodings = 0;
			knownRegions = (
				en,
				Base,
			);
			mainGroup = 18F4C1DE1E4861A900C47E5D;
			productRefGroup = 18F4C1E81E4861A900C47E5D /* Products */;
			projectDirPath = "";
			projectRoot = "";
			targets = (
				18F4C1E61E4861A900C47E5D /* YXScrollDemo */,
			);
		};
/* End PBXProject section */

/* Begin PBXResourcesBuildPhase section */
		18F4C1E51E4861A900C47E5D /* Resources */ = {
			isa = PBXResourcesBuildPhase;
			buildActionMask = 2147483647;
			files = (
				18F4C1FA1E4861A900C47E5D /* LaunchScreen.storyboard in Resources */,
				18F4C1F71E4861A900C47E5D /* Assets.xcassets in Resources */,
				18F4C2061E48629D00C47E5D /* YXScrollRefreshAssets.bundle in Resources */,
				18F4C1F51E4861A900C47E5D /* Main.storyboard in Resources */,
			);
			runOnlyForDeploymentPostprocessing = 0;
		};
/* End PBXResourcesBuildPhase section */

/* Begin PBXSourcesBuildPhase section */
		18F4C1E31E4861A900C47E5D /* Sources */ = {
			isa = PBXSourcesBuildPhase;
			buildActionMask = 2147483647;
			files = (
				18F4C1F21E4861A900C47E5D /* ViewController.m in Sources */,
				18F4C1EF1E4861A900C47E5D /* AppDelegate.m in Sources */,
				18F4C1EC1E4861A900C47E5D /* main.m in Sources */,
			);
			runOnlyForDeploymentPostprocessing = 0;
		};
/* End PBXSourcesBuildPhase section */

/* Begin PBXVariantGroup section */
		18F4C1F31E4861A900C47E5D /* Main.storyboard */ = {
			isa = PBXVariantGroup;
			children = (
				18F4C1F41E4861A900C47E5D /* Base */,
			);
			name = Main.storyboard;
			sourceTree = "<group>";
		};
		18F4C1F81E4861A900C47E5D /* LaunchScreen.storyboard */ = {
			isa = PBXVariantGroup;
			children = (
				18F4C1F91E4861A900C47E5D /* Base */,
			);
			name = LaunchScreen.storyboard;
			sourceTree = "<group>";
		};
/* End PBXVariantGroup section */

/* Begin XCBuildConfiguration section */
		18F4C1FC1E4861A900C47E5D /* Debug */ = {
			isa = XCBuildConfiguration;
			buildSettings = {
				ALWAYS_SEARCH_USER_PATHS = NO;
				CLANG_ANALYZER_NONNULL = YES;
				CLANG_CXX_LANGUAGE_STANDARD = "gnu++0x";
				CLANG_CXX_LIBRARY = "libc++";
				CLANG_ENABLE_MODULES = YES;
				CLANG_ENABLE_OBJC_ARC = YES;
				CLANG_WARN_BOOL_CONVERSION = YES;
				CLANG_WARN_CONSTANT_CONVERSION = YES;
				CLANG_WARN_DIRECT_OBJC_ISA_USAGE = YES_ERROR;
				CLANG_WARN_DOCUMENTATION_COMMENTS = YES;
				CLANG_WARN_EMPTY_BODY = YES;
				CLANG_WARN_ENUM_CONVERSION = YES;
				CLANG_WARN_INFINITE_RECURSION = YES;
				CLANG_WARN_INT_CONVERSION = YES;
				CLANG_WARN_OBJC_ROOT_CLASS = YES_ERROR;
				CLANG_WARN_SUSPICIOUS_MOVES = YES;
				CLANG_WARN_UNREACHABLE_CODE = YES;
				CLANG_WARN__DUPLICATE_METHOD_MATCH = YES;
				"CODE_SIGN_IDENTITY[sdk=iphoneos*]" = "iPhone Developer";
				COPY_PHASE_STRIP = NO;
				DEBUG_INFORMATION_FORMAT = dwarf;
				ENABLE_STRICT_OBJC_MSGSEND = YES;
				ENABLE_TESTABILITY = YES;
				GCC_C_LANGUAGE_STANDARD = gnu99;
				GCC_DYNAMIC_NO_PIC = NO;
				GCC_NO_COMMON_BLOCKS = YES;
				GCC_OPTIMIZATION_LEVEL = 0;
				GCC_PREPROCESSOR_DEFINITIONS = (
					"DEBUG=1",
					"$(inherited)",
				);
				GCC_WARN_64_TO_32_BIT_CONVERSION = YES;
				GCC_WARN_ABOUT_RETURN_TYPE = YES_ERROR;
				GCC_WARN_UNDECLARED_SELECTOR = YES;
				GCC_WARN_UNINITIALIZED_AUTOS = YES_AGGRESSIVE;
				GCC_WARN_UNUSED_FUNCTION = YES;
				GCC_WARN_UNUSED_VARIABLE = YES;
				IPHONEOS_DEPLOYMENT_TARGET = 10.0;
				MTL_ENABLE_DEBUG_INFO = YES;
				ONLY_ACTIVE_ARCH = YES;
				SDKROOT = iphoneos;
				TARGETED_DEVICE_FAMILY = "1,2";
			};
			name = Debug;
		};
		18F4C1FD1E4861A900C47E5D /* Release */ = {
			isa = XCBuildConfiguration;
			buildSettings = {
				ALWAYS_SEARCH_USER_PATHS = NO;
				CLANG_ANALYZER_NONNULL = YES;
				CLANG_CXX_LANGUAGE_STANDARD = "gnu++0x";
				CLANG_CXX_LIBRARY = "libc++";
				CLANG_ENABLE_MODULES = YES;
				CLANG_ENABLE_OBJC_ARC = YES;
				CLANG_WARN_BOOL_CONVERSION = YES;
				CLANG_WARN_CONSTANT_CONVERSION = YES;
				CLANG_WARN_DIRECT_OBJC_ISA_USAGE = YES_ERROR;
				CLANG_WARN_DOCUMENTATION_COMMENTS = YES;
				CLANG_WARN_EMPTY_BODY = YES;
				CLANG_WARN_ENUM_CONVERSION = YES;
				CLANG_WARN_INFINITE_RECURSION = YES;
				CLANG_WARN_INT_CONVERSION = YES;
				CLANG_WARN_OBJC_ROOT_CLASS = YES_ERROR;
				CLANG_WARN_SUSPICIOUS_MOVES = YES;
				CLANG_WARN_UNREACHABLE_CODE = YES;
				CLANG_WARN__DUPLICATE_METHOD_MATCH = YES;
				"CODE_SIGN_IDENTITY[sdk=iphoneos*]" = "iPhone Developer";
				COPY_PHASE_STRIP = NO;
				DEBUG_INFORMATION_FORMAT = "dwarf-with-dsym";
				ENABLE_NS_ASSERTIONS = NO;
				ENABLE_STRICT_OBJC_MSGSEND = YES;
				GCC_C_LANGUAGE_STANDARD = gnu99;
				GCC_NO_COMMON_BLOCKS = YES;
				GCC_WARN_64_TO_32_BIT_CONVERSION = YES;
				GCC_WARN_ABOUT_RETURN_TYPE = YES_ERROR;
				GCC_WARN_UNDECLARED_SELECTOR = YES;
				GCC_WARN_UNINITIALIZED_AUTOS = YES_AGGRESSIVE;
				GCC_WARN_UNUSED_FUNCTION = YES;
				GCC_WARN_UNUSED_VARIABLE = YES;
				IPHONEOS_DEPLOYMENT_TARGET = 10.0;
				MTL_ENABLE_DEBUG_INFO = NO;
				SDKROOT = iphoneos;
				TARGETED_DEVICE_FAMILY = "1,2";
				VALIDATE_PRODUCT = YES;
			};
			name = Release;
		};
		18F4C1FF1E4861A900C47E5D /* Debug */ = {
			isa = XCBuildConfiguration;
			buildSettings = {
				ASSETCATALOG_COMPILER_APPICON_NAME = AppIcon;
				DEVELOPMENT_TEAM = 32R7N4YZK4;
				INFOPLIST_FILE = YXScrollDemo/Info.plist;
				LD_RUNPATH_SEARCH_PATHS = "$(inherited) @executable_path/Frameworks";
				LIBRARY_SEARCH_PATHS = (
					"$(inherited)",
					"$(PROJECT_DIR)/YXScrollDemo/libYXScrollRefresh",
					"$(PROJECT_DIR)/YXScrollDemo/libYXScrollRefresh/YXScrollRefreshAssets.bundle",
				);
				OTHER_LDFLAGS = "-all_load";
				PRODUCT_BUNDLE_IDENTIFIER = zhangyanxue.YXScrollDemo;
				PRODUCT_NAME = "$(TARGET_NAME)";
			};
			name = Debug;
		};
		18F4C2001E4861A900C47E5D /* Release */ = {
			isa = XCBuildConfiguration;
			buildSettings = {
				ASSETCATALOG_COMPILER_APPICON_NAME = AppIcon;
				DEVELOPMENT_TEAM = 32R7N4YZK4;
				INFOPLIST_FILE = YXScrollDemo/Info.plist;
				LD_RUNPATH_SEARCH_PATHS = "$(inherited) @executable_path/Frameworks";
				LIBRARY_SEARCH_PATHS = (
					"$(inherited)",
					"$(PROJECT_DIR)/YXScrollDemo/libYXScrollRefresh",
					"$(PROJECT_DIR)/YXScrollDemo/libYXScrollRefresh/YXScrollRefreshAssets.bundle",
				);
				OTHER_LDFLAGS = "-all_load";
				PRODUCT_BUNDLE_IDENTIFIER = zhangyanxue.YXScrollDemo;
				PRODUCT_NAME = "$(TARGET_NAME)";
			};
			name = Release;
		};
/* End XCBuildConfiguration section */

/* Begin XCConfigurationList section */
		18F4C1E21E4861A900C47E5D /* Build configuration list for PBXProject "YXScrollDemo" */ = {
			isa = XCConfigurationList;
			buildConfigurations = (
				18F4C1FC1E4861A900C47E5D /* Debug */,
				18F4C1FD1E4861A900C47E5D /* Release */,
			);
			defaultConfigurationIsVisible = 0;
			defaultConfigurationName = Release;
		};
		18F4C1FE1E4861A900C47E5D /* Build configuration list for PBXNativeTarget "YXScrollDemo" */ = {
			isa = XCConfigurationList;
			buildConfigurations = (
				18F4C1FF1E4861A900C47E5D /* Debug */,
				18F4C2001E4861A900C47E5D /* Release */,
			);
			defaultConfigurationIsVisible = 0;
		};
/* End XCConfigurationList section */
	};
	rootObject = 18F4C1DF1E4861A900C47E5D /* Project object */;
}
